
Microsoft Visual Studio Solution File, Format Version 12.00
# Visual Studio Version 16
VisualStudioVersion = 16.0.30114.105
MinimumVisualStudioVersion = 10.0.40219.1
Project("{2150E333-8FDC-42A3-9474-1A3956D46DE8}") = "src", "src", "{914C34F2-FFE3-497B-B189-7CEF68C613BB}"
EndProject
Project("{2150E333-8FDC-42A3-9474-1A3956D46DE8}") = "test", "test", "{6BEF13E5-17F2-4F19-A161-8145AE218F3D}"
EndProject
Project("{9A19103F-16F7-4668-BE54-9A1E7A4F7556}") = "Bet.Azure.Messaging", "src\Bet.Azure.Messaging\Bet.Azure.Messaging.csproj", "{46666FF0-3493-427F-A328-AE97E2CA207D}"
EndProject
Project("{9A19103F-16F7-4668-BE54-9A1E7A4F7556}") = "Bet.Azure.Messaging.Sample", "src\Bet.Azure.Messaging.Sample\Bet.Azure.Messaging.Sample.csproj", "{F289BEF2-5D46-458D-8F69-CD54D6C695DA}"
EndProject
Project("{2150E333-8FDC-42A3-9474-1A3956D46DE8}") = "build", "build", "{859A57D8-30FD-4620-9F09-0C02D1D65134}"
	ProjectSection(SolutionItems) = preProject
		build\dependencies.props = build\dependencies.props
		build\settings.props = build\settings.props
		build\sources.props = build\sources.props
	EndProjectSection
EndProject
Global
	GlobalSection(SolutionConfigurationPlatforms) = preSolution
		Debug|Any CPU = Debug|Any CPU
		Release|Any CPU = Release|Any CPU
	EndGlobalSection
	GlobalSection(ProjectConfigurationPlatforms) = postSolution
		{46666FF0-3493-427F-A328-AE97E2CA207D}.Debug|Any CPU.ActiveCfg = Debug|Any CPU
		{46666FF0-3493-427F-A328-AE97E2CA207D}.Debug|Any CPU.Build.0 = Debug|Any CPU
		{46666FF0-3493-427F-A328-AE97E2CA207D}.Release|Any CPU.ActiveCfg = Release|Any CPU
		{46666FF0-3493-427F-A328-AE97E2CA207D}.Release|Any CPU.Build.0 = Release|Any CPU
		{F289BEF2-5D46-458D-8F69-CD54D6C695DA}.Debug|Any CPU.ActiveCfg = Debug|Any CPU
		{F289BEF2-5D46-458D-8F69-CD54D6C695DA}.Debug|Any CPU.Build.0 = Debug|Any CPU
		{F289BEF2-5D46-458D-8F69-CD54D6C695DA}.Release|Any CPU.ActiveCfg = Release|Any CPU
		{F289BEF2-5D46-458D-8F69-CD54D6C695DA}.Release|Any CPU.Build.0 = Release|Any CPU
	EndGlobalSection
	GlobalSection(SolutionProperties) = preSolution
		HideSolutionNode = FALSE
	EndGlobalSection
	GlobalSection(NestedProjects) = preSolution
		{46666FF0-3493-427F-A328-AE97E2CA207D} = {914C34F2-FFE3-497B-B189-7CEF68C613BB}
		{F289BEF2-5D46-458D-8F69-CD54D6C695DA} = {914C34F2-FFE3-497B-B189-7CEF68C613BB}
	EndGlobalSection
	GlobalSection(ExtensibilityGlobals) = postSolution
		SolutionGuid = {C8B58109-F146-4477-9CD4-165A2B85E4F8}
	EndGlobalSection
EndGlobal
